// !$*UTF8*$!
{
	archiveVersion = 1;
	classes = {
	};
	objectVersion = 46;
	objects = {

/* Begin PBXBuildFile section */
		1452C96D1DA44E5300E536E0 /* AppDelegate.swift in Sources */ = {isa = PBXBuildFile; fileRef = 1452C96C1DA44E5300E536E0 /* AppDelegate.swift */; };
		1452C96F1DA44E5300E536E0 /* HomeController.swift in Sources */ = {isa = PBXBuildFile; fileRef = 1452C96E1DA44E5300E536E0 /* HomeController.swift */; };
		1452C9721DA44E5300E536E0 /* Main.storyboard in Resources */ = {isa = PBXBuildFile; fileRef = 1452C9701DA44E5300E536E0 /* Main.storyboard */; };
		1452C9741DA44E5300E536E0 /* Assets.xcassets in Resources */ = {isa = PBXBuildFile; fileRef = 1452C9731DA44E5300E536E0 /* Assets.xcassets */; };
		1452C9771DA44E5300E536E0 /* LaunchScreen.storyboard in Resources */ = {isa = PBXBuildFile; fileRef = 1452C9751DA44E5300E536E0 /* LaunchScreen.storyboard */; };
		14C350E41DA69E38007D9571 /* MenuBar.swift in Sources */ = {isa = PBXBuildFile; fileRef = 14C350E31DA69E38007D9571 /* MenuBar.swift */; };
		14ED51D91DA68E4200BC033A /* Extensions.swift in Sources */ = {isa = PBXBuildFile; fileRef = 14ED51D81DA68E4200BC033A /* Extensions.swift */; };
		14ED51DC1DA68EE700BC033A /* VideoCell.swift in Sources */ = {isa = PBXBuildFile; fileRef = 14ED51DB1DA68EE700BC033A /* VideoCell.swift */; };
/* End PBXBuildFile section */

/* Begin PBXFileReference section */
		1452C9691DA44E5300E536E0 /* youtube-clone.app */ = {isa = PBXFileReference; explicitFileType = wrapper.application; includeInIndex = 0; path = "youtube-clone.app"; sourceTree = BUILT_PRODUCTS_DIR; };
		1452C96C1DA44E5300E536E0 /* AppDelegate.swift */ = {isa = PBXFileReference; lastKnownFileType = sourcecode.swift; path = AppDelegate.swift; sourceTree = "<group>"; };
		1452C96E1DA44E5300E536E0 /* HomeController.swift */ = {isa = PBXFileReference; lastKnownFileType = sourcecode.swift; path = HomeController.swift; sourceTree = "<group>"; };
		1452C9711DA44E5300E536E0 /* Base */ = {isa = PBXFileReference; lastKnownFileType = file.storyboard; name = Base; path = Base.lproj/Main.storyboard; sourceTree = "<group>"; };
		1452C9731DA44E5300E536E0 /* Assets.xcassets */ = {isa = PBXFileReference; lastKnownFileType = folder.assetcatalog; path = Assets.xcassets; sourceTree = "<group>"; };
		1452C9761DA44E5300E536E0 /* Base */ = {isa = PBXFileReference; lastKnownFileType = file.storyboard; name = Base; path = Base.lproj/LaunchScreen.storyboard; sourceTree = "<group>"; };
		1452C9781DA44E5300E536E0 /* Info.plist */ = {isa = PBXFileReference; lastKnownFileType = text.plist.xml; path = Info.plist; sourceTree = "<group>"; };
		14C350E31DA69E38007D9571 /* MenuBar.swift */ = {isa = PBXFileReference; fileEncoding = 4; lastKnownFileType = sourcecode.swift; path = MenuBar.swift; sourceTree = "<group>"; };
		14ED51D81DA68E4200BC033A /* Extensions.swift */ = {isa = PBXFileReference; fileEncoding = 4; lastKnownFileType = sourcecode.swift; path = Extensions.swift; sourceTree = "<group>"; };
		14ED51DB1DA68EE700BC033A /* VideoCell.swift */ = {isa = PBXFileReference; fileEncoding = 4; lastKnownFileType = sourcecode.swift; path = VideoCell.swift; sourceTree = "<group>"; };
/* End PBXFileReference section */

/* Begin PBXFrameworksBuildPhase section */
		1452C9661DA44E5300E536E0 /* Frameworks */ = {
			isa = PBXFrameworksBuildPhase;
			buildActionMask = 2147483647;
			files = (
			);
			runOnlyForDeploymentPostprocessing = 0;
		};
/* End PBXFrameworksBuildPhase section */

/* Begin PBXGroup section */
		1452C9601DA44E5300E536E0 = {
			isa = PBXGroup;
			children = (
				1452C96B1DA44E5300E536E0 /* youtube-clone */,
				1452C96A1DA44E5300E536E0 /* Products */,
			);
			sourceTree = "<group>";
		};
		1452C96A1DA44E5300E536E0 /* Products */ = {
			isa = PBXGroup;
			children = (
				1452C9691DA44E5300E536E0 /* youtube-clone.app */,
			);
			name = Products;
			sourceTree = "<group>";
		};
		1452C96B1DA44E5300E536E0 /* youtube-clone */ = {
			isa = PBXGroup;
			children = (
				14ED51DA1DA68EBA00BC033A /* views */,
				14ED51DD1DA68F3700BC033A /* controllers */,
				14ED51D71DA68E1500BC033A /* helpers */,
				1452C96C1DA44E5300E536E0 /* AppDelegate.swift */,
				1452C9701DA44E5300E536E0 /* Main.storyboard */,
				1452C9731DA44E5300E536E0 /* Assets.xcassets */,
				1452C9751DA44E5300E536E0 /* LaunchScreen.storyboard */,
				1452C9781DA44E5300E536E0 /* Info.plist */,
			);
			path = "youtube-clone";
			sourceTree = "<group>";
		};
		14ED51D71DA68E1500BC033A /* helpers */ = {
			isa = PBXGroup;
			children = (
				14ED51D81DA68E4200BC033A /* Extensions.swift */,
			);
			name = helpers;
			sourceTree = "<group>";
		};
		14ED51DA1DA68EBA00BC033A /* views */ = {
			isa = PBXGroup;
			children = (
				14ED51DB1DA68EE700BC033A /* VideoCell.swift */,
				14C350E31DA69E38007D9571 /* MenuBar.swift */,
			);
			name = views;
			sourceTree = "<group>";
		};
		14ED51DD1DA68F3700BC033A /* controllers */ = {
			isa = PBXGroup;
			children = (
				1452C96E1DA44E5300E536E0 /* HomeController.swift */,
			);
			name = controllers;
			sourceTree = "<group>";
		};
/* End PBXGroup section */

/* Begin PBXNativeTarget section */
		1452C9681DA44E5300E536E0 /* youtube-clone */ = {
			isa = PBXNativeTarget;
			buildConfigurationList = 1452C97B1DA44E5300E536E0 /* Build configuration list for PBXNativeTarget "youtube-clone" */;
			buildPhases = (
				1452C9651DA44E5300E536E0 /* Sources */,
				1452C9661DA44E5300E536E0 /* Frameworks */,
				1452C9671DA44E5300E536E0 /* Resources */,
			);
			buildRules = (
			);
			dependencies = (
			);
			name = "youtube-clone";
			productName = "youtube-clone";
			productReference = 1452C9691DA44E5300E536E0 /* youtube-clone.app */;
			productType = "com.apple.product-type.application";
		};
/* End PBXNativeTarget section */

/* Begin PBXProject section */
		1452C9611DA44E5300E536E0 /* Project object */ = {
			isa = PBXProject;
			attributes = {
				LastSwiftUpdateCheck = 0800;
				LastUpgradeCheck = 0800;
				ORGANIZATIONNAME = "Ben Clarke";
				TargetAttributes = {
					1452C9681DA44E5300E536E0 = {
						CreatedOnToolsVersion = 8.0;
						ProvisioningStyle = Automatic;
					};
				};
			};
			buildConfigurationList = 1452C9641DA44E5300E536E0 /* Build configuration list for PBXProject "youtube-clone" */;
			compatibilityVersion = "Xcode 3.2";
			developmentRegion = English;
			hasScannedForEncodings = 0;
			knownRegions = (
				en,
				Base,
			);
			mainGroup = 1452C9601DA44E5300E536E0;
			productRefGroup = 1452C96A1DA44E5300E536E0 /* Products */;
			projectDirPath = "";
			projectRoot = "";
			targets = (
				1452C9681DA44E5300E536E0 /* youtube-clone */,
			);
		};
/* End PBXProject section */

/* Begin PBXResourcesBuildPhase section */
		1452C9671DA44E5300E536E0 /* Resources */ = {
			isa = PBXResourcesBuildPhase;
			buildActionMask = 2147483647;
			files = (
				1452C9771DA44E5300E536E0 /* LaunchScreen.storyboard in Resources */,
				1452C9741DA44E5300E536E0 /* Assets.xcassets in Resources */,
				1452C9721DA44E5300E536E0 /* Main.storyboard in Resources */,
			);
			runOnlyForDeploymentPostprocessing = 0;
		};
/* End PBXResourcesBuildPhase section */

/* Begin PBXSourcesBuildPhase section */
		1452C9651DA44E5300E536E0 /* Sources */ = {
			isa = PBXSourcesBuildPhase;
			buildActionMask = 2147483647;
			files = (
				1452C96F1DA44E5300E536E0 /* HomeController.swift in Sources */,
				14ED51DC1DA68EE700BC033A /* VideoCell.swift in Sources */,
				14ED51D91DA68E4200BC033A /* Extensions.swift in Sources */,
				1452C96D1DA44E5300E536E0 /* AppDelegate.swift in Sources */,
				14C350E41DA69E38007D9571 /* MenuBar.swift in Sources */,
			);
			runOnlyForDeploymentPostprocessing = 0;
		};
/* End PBXSourcesBuildPhase section */

/* Begin PBXVariantGroup section */
		1452C9701DA44E5300E536E0 /* Main.storyboard */ = {
			isa = PBXVariantGroup;
			children = (
				1452C9711DA44E5300E536E0 /* Base */,
			);
			name = Main.storyboard;
			sourceTree = "<group>";
		};
		1452C9751DA44E5300E536E0 /* LaunchScreen.storyboard */ = {
			isa = PBXVariantGroup;
			children = (
				1452C9761DA44E5300E536E0 /* Base */,
			);
			name = LaunchScreen.storyboard;
			sourceTree = "<group>";
		};
/* End PBXVariantGroup section */

/* Begin XCBuildConfiguration section */
		1452C9791DA44E5300E536E0 /* Debug */ = {
			isa = XCBuildConfiguration;
			buildSettings = {
				ALWAYS_SEARCH_USER_PATHS = NO;
				CLANG_ANALYZER_NONNULL = YES;
				CLANG_CXX_LANGUAGE_STANDARD = "gnu++0x";
				CLANG_CXX_LIBRARY = "libc++";
				CLANG_ENABLE_MODULES = YES;
				CLANG_ENABLE_OBJC_ARC = YES;
				CLANG_WARN_BOOL_CONVERSION = YES;
				CLANG_WARN_CONSTANT_CONVERSION = YES;
				CLANG_WARN_DIRECT_OBJC_ISA_USAGE = YES_ERROR;
				CLANG_WARN_DOCUMENTATION_COMMENTS = YES;
				CLANG_WARN_EMPTY_BODY = YES;
				CLANG_WARN_ENUM_CONVERSION = YES;
				CLANG_WARN_INFINITE_RECURSION = YES;
				CLANG_WARN_INT_CONVERSION = YES;
				CLANG_WARN_OBJC_ROOT_CLASS = YES_ERROR;
				CLANG_WARN_SUSPICIOUS_MOVES = YES;
				CLANG_WARN_UNREACHABLE_CODE = YES;
				CLANG_WARN__DUPLICATE_METHOD_MATCH = YES;
				"CODE_SIGN_IDENTITY[sdk=iphoneos*]" = "iPhone Developer";
				COPY_PHASE_STRIP = NO;
				DEBUG_INFORMATION_FORMAT = dwarf;
				ENABLE_STRICT_OBJC_MSGSEND = YES;
				ENABLE_TESTABILITY = YES;
				GCC_C_LANGUAGE_STANDARD = gnu99;
				GCC_DYNAMIC_NO_PIC = NO;
				GCC_NO_COMMON_BLOCKS = YES;
				GCC_OPTIMIZATION_LEVEL = 0;
				GCC_PREPROCESSOR_DEFINITIONS = (
					"DEBUG=1",
					"$(inherited)",
				);
				GCC_WARN_64_TO_32_BIT_CONVERSION = YES;
				GCC_WARN_ABOUT_RETURN_TYPE = YES_ERROR;
				GCC_WARN_UNDECLARED_SELECTOR = YES;
				GCC_WARN_UNINITIALIZED_AUTOS = YES_AGGRESSIVE;
				GCC_WARN_UNUSED_FUNCTION = YES;
				GCC_WARN_UNUSED_VARIABLE = YES;
				IPHONEOS_DEPLOYMENT_TARGET = 10.0;
				MTL_ENABLE_DEBUG_INFO = YES;
				ONLY_ACTIVE_ARCH = YES;
				SDKROOT = iphoneos;
				SWIFT_ACTIVE_COMPILATION_CONDITIONS = DEBUG;
				SWIFT_OPTIMIZATION_LEVEL = "-Onone";
				TARGETED_DEVICE_FAMILY = "1,2";
			};
			name = Debug;
		};
		1452C97A1DA44E5300E536E0 /* Release */ = {
			isa = XCBuildConfiguration;
			buildSettings = {
				ALWAYS_SEARCH_USER_PATHS = NO;
				CLANG_ANALYZER_NONNULL = YES;
				CLANG_CXX_LANGUAGE_STANDARD = "gnu++0x";
				CLANG_CXX_LIBRARY = "libc++";
				CLANG_ENABLE_MODULES = YES;
				CLANG_ENABLE_OBJC_ARC = YES;
				CLANG_WARN_BOOL_CONVERSION = YES;
				CLANG_WARN_CONSTANT_CONVERSION = YES;
				CLANG_WARN_DIRECT_OBJC_ISA_USAGE = YES_ERROR;
				CLANG_WARN_DOCUMENTATION_COMMENTS = YES;
				CLANG_WARN_EMPTY_BODY = YES;
				CLANG_WARN_ENUM_CONVERSION = YES;
				CLANG_WARN_INFINITE_RECURSION = YES;
				CLANG_WARN_INT_CONVERSION = YES;
				CLANG_WARN_OBJC_ROOT_CLASS = YES_ERROR;
				CLANG_WARN_SUSPICIOUS_MOVES = YES;
				CLANG_WARN_UNREACHABLE_CODE = YES;
				CLANG_WARN__DUPLICATE_METHOD_MATCH = YES;
				"CODE_SIGN_IDENTITY[sdk=iphoneos*]" = "iPhone Developer";
				COPY_PHASE_STRIP = NO;
				DEBUG_INFORMATION_FORMAT = "dwarf-with-dsym";
				ENABLE_NS_ASSERTIONS = NO;
				ENABLE_STRICT_OBJC_MSGSEND = YES;
				GCC_C_LANGUAGE_STANDARD = gnu99;
				GCC_NO_COMMON_BLOCKS = YES;
				GCC_WARN_64_TO_32_BIT_CONVERSION = YES;
				GCC_WARN_ABOUT_RETURN_TYPE = YES_ERROR;
				GCC_WARN_UNDECLARED_SELECTOR = YES;
				GCC_WARN_UNINITIALIZED_AUTOS = YES_AGGRESSIVE;
				GCC_WARN_UNUSED_FUNCTION = YES;
				GCC_WARN_UNUSED_VARIABLE = YES;
				IPHONEOS_DEPLOYMENT_TARGET = 10.0;
				MTL_ENABLE_DEBUG_INFO = NO;
				SDKROOT = iphoneos;
				SWIFT_OPTIMIZATION_LEVEL = "-Owholemodule";
				TARGETED_DEVICE_FAMILY = "1,2";
				VALIDATE_PRODUCT = YES;
			};
			name = Release;
		};
		1452C97C1DA44E5300E536E0 /* Debug */ = {
			isa = XCBuildConfiguration;
			buildSettings = {
				ASSETCATALOG_COMPILER_APPICON_NAME = AppIcon;
				INFOPLIST_FILE = "youtube-clone/Info.plist";
				LD_RUNPATH_SEARCH_PATHS = "$(inherited) @executable_path/Frameworks";
				PRODUCT_BUNDLE_IDENTIFIER = "Ben-Clarke.youtube-clone";
				PRODUCT_NAME = "$(TARGET_NAME)";
				SWIFT_VERSION = 3.0;
			};
			name = Debug;
		};
		1452C97D1DA44E5300E536E0 /* Release */ = {
			isa = XCBuildConfiguration;
			buildSettings = {
				ASSETCATALOG_COMPILER_APPICON_NAME = AppIcon;
				INFOPLIST_FILE = "youtube-clone/Info.plist";
				LD_RUNPATH_SEARCH_PATHS = "$(inherited) @executable_path/Frameworks";
				PRODUCT_BUNDLE_IDENTIFIER = "Ben-Clarke.youtube-clone";
				PRODUCT_NAME = "$(TARGET_NAME)";
				SWIFT_VERSION = 3.0;
			};
			name = Release;
		};
/* End XCBuildConfiguration section */

/* Begin XCConfigurationList section */
		1452C9641DA44E5300E536E0 /* Build configuration list for PBXProject "youtube-clone" */ = {
			isa = XCConfigurationList;
			buildConfigurations = (
				1452C9791DA44E5300E536E0 /* Debug */,
				1452C97A1DA44E5300E536E0 /* Release */,
			);
			defaultConfigurationIsVisible = 0;
			defaultConfigurationName = Release;
		};
		1452C97B1DA44E5300E536E0 /* Build configuration list for PBXNativeTarget "youtube-clone" */ = {
			isa = XCConfigurationList;
			buildConfigurations = (
				1452C97C1DA44E5300E536E0 /* Debug */,
				1452C97D1DA44E5300E536E0 /* Release */,
			);
			defaultConfigurationIsVisible = 0;
			defaultConfigurationName = Release;
		};
/* End XCConfigurationList section */
	};
	rootObject = 1452C9611DA44E5300E536E0 /* Project object */;
}
